SITE
  remote: http://community.opscode.com/api/v1
  specs:
    apt (2.6.0)
    aws (2.4.0)
    build-essential (2.0.6)
    chef-sugar (2.3.0)
    chef_gem (0.1.0)
    database (2.3.0)
      aws (>= 0.0.0)
      mysql (>= 5.0.0)
      mysql-chef_gem (>= 0.0.0)
      postgresql (>= 1.0.0)
      xfs (>= 0.0.0)
    locale (1.0.2)
    mysql (5.5.3)
      yum-mysql-community (>= 0.0.0)
    mysql-chef_gem (0.0.5)
      build-essential (>= 0.0.0)
      mysql (>= 0.0.0)
    openssl (2.0.0)
      chef-sugar (>= 0.0.0)
    phantomjs (0.1.0)
    postgresql (3.4.6)
      apt (>= 1.9.0)
      build-essential (>= 0.0.0)
      openssl (>= 0.0.0)
    sqlite (1.1.0)
    sudo (2.7.1)
    xfs (1.1.0)
    yum (3.3.2)
    yum-mysql-community (0.1.10)
      yum (>= 3.0)

GIT
  remote: git://github.com/fnichol/chef-rvm.git
  ref: master
  sha: ade745350b6239b89fd0dd7c809eca518505e580
  specs:
    rvm (0.10.1)
      chef_gem (>= 0.0.0)

GIT
  remote: git@github.com:phlipper/chef-redis.git
  ref: master
  sha: 9803b2480f39989b5f88e1bf71e5c41d57c82d6b
  specs:
    redis (0.5.5)
      apt (>= 0.0.0)

GIT
  remote: https://github.com/mojolingo/freeswitch-cookbook.git
  ref: master
  sha: 50648a22478fee37f40d2793ae85910a3e47e234
  specs:
    freeswitch (0.6.4)
      apt (~> 2.2)
      yum (~> 3.1)

PATH
  remote: sipp
  specs:
    sipp (0.0.0)

PATH
  remote: treadmill
  specs:
    treadmill (0.0.0)
      database (>= 0.0.0)
      openssl (>= 0.0.0)
      postgresql (>= 0.0.0)
      rvm (>= 0.0.0)

DEPENDENCIES
  apt (>= 0)
  database (>= 0)
  freeswitch (>= 0)
  locale (>= 0)
  phantomjs (= 0.1.0)
  postgresql (>= 0)
  redis (>= 0)
  rvm (>= 0)
  sipp (>= 0)
  sqlite (>= 0)
  sudo (>= 0)
  treadmill (>= 0)

